// !$*UTF8*$!
{
	archiveVersion = 1;
	classes = {
	};
	objectVersion = 46;
	objects = {

/* Begin PBXBuildFile section */
		59256836229F899800192CDF /* TestOC.m in Sources */ = {isa = PBXBuildFile; fileRef = 59256835229F899800192CDF /* TestOC.m */; };
		593FC9A222A370A200C1CD1B /* Lesson2.swift in Sources */ = {isa = PBXBuildFile; fileRef = 593FC9A122A370A200C1CD1B /* Lesson2.swift */; };
		593FC9A422A3763600C1CD1B /* Lesson3.swift in Sources */ = {isa = PBXBuildFile; fileRef = 593FC9A322A3763600C1CD1B /* Lesson3.swift */; };
		593FC9AC22A4B27D00C1CD1B /* SNYKit_ExampleTests.swift in Sources */ = {isa = PBXBuildFile; fileRef = 593FC9AB22A4B27D00C1CD1B /* SNYKit_ExampleTests.swift */; };
		593FC9BA22A4B86300C1CD1B /* SNYKit_ExampleUITests.swift in Sources */ = {isa = PBXBuildFile; fileRef = 593FC9B922A4B86300C1CD1B /* SNYKit_ExampleUITests.swift */; };
		5965E86621362DEE004252B1 /* SNYKit.framework in Frameworks */ = {isa = PBXBuildFile; fileRef = 5965E86521362DEE004252B1 /* SNYKit.framework */; };
		597A7ABF22A2616D00E82349 /* SNYError.swift in Sources */ = {isa = PBXBuildFile; fileRef = 597A7ABE22A2616D00E82349 /* SNYError.swift */; };
		597A7AC222A2679400E82349 /* Lesson1.swift in Sources */ = {isa = PBXBuildFile; fileRef = 597A7AC122A2679400E82349 /* Lesson1.swift */; };
		59FD270822C868CD0011C9B3 /* LaunchScreen.storyboard in Resources */ = {isa = PBXBuildFile; fileRef = 59FD270722C868CD0011C9B3 /* LaunchScreen.storyboard */; };
		607FACD61AFB9204008FA782 /* AppDelegate.swift in Sources */ = {isa = PBXBuildFile; fileRef = 607FACD51AFB9204008FA782 /* AppDelegate.swift */; };
		607FACD81AFB9204008FA782 /* ViewController.swift in Sources */ = {isa = PBXBuildFile; fileRef = 607FACD71AFB9204008FA782 /* ViewController.swift */; };
		607FACDB1AFB9204008FA782 /* Main.storyboard in Resources */ = {isa = PBXBuildFile; fileRef = 607FACD91AFB9204008FA782 /* Main.storyboard */; };
		607FACDD1AFB9204008FA782 /* Images.xcassets in Resources */ = {isa = PBXBuildFile; fileRef = 607FACDC1AFB9204008FA782 /* Images.xcassets */; };
		762FA77D2199857200FBF321 /* iconfont.ttf in Resources */ = {isa = PBXBuildFile; fileRef = 762FA77C219983E600FBF321 /* iconfont.ttf */; };
		F60306B4FC39E930AED6A384 /* Pods_SNYKit_Example.framework in Frameworks */ = {isa = PBXBuildFile; fileRef = 4BC5CB8D44ABD3E0D5564C68 /* Pods_SNYKit_Example.framework */; };
/* End PBXBuildFile section */

/* Begin PBXContainerItemProxy section */
		593FC9AE22A4B27D00C1CD1B /* PBXContainerItemProxy */ = {
			isa = PBXContainerItemProxy;
			containerPortal = 607FACC81AFB9204008FA782 /* Project object */;
			proxyType = 1;
			remoteGlobalIDString = 607FACCF1AFB9204008FA782;
			remoteInfo = SNYKit_Example;
		};
		593FC9BC22A4B86300C1CD1B /* PBXContainerItemProxy */ = {
			isa = PBXContainerItemProxy;
			containerPortal = 607FACC81AFB9204008FA782 /* Project object */;
			proxyType = 1;
			remoteGlobalIDString = 607FACCF1AFB9204008FA782;
			remoteInfo = SNYKit_Example;
		};
/* End PBXContainerItemProxy section */

/* Begin PBXFileReference section */
		4BC5CB8D44ABD3E0D5564C68 /* Pods_SNYKit_Example.framework */ = {isa = PBXFileReference; explicitFileType = wrapper.framework; includeInIndex = 0; path = Pods_SNYKit_Example.framework; sourceTree = BUILT_PRODUCTS_DIR; };
		59256834229F899800192CDF /* TestOC.h */ = {isa = PBXFileReference; lastKnownFileType = sourcecode.c.h; path = TestOC.h; sourceTree = "<group>"; };
		59256835229F899800192CDF /* TestOC.m */ = {isa = PBXFileReference; lastKnownFileType = sourcecode.c.objc; path = TestOC.m; sourceTree = "<group>"; };
		593FC9A122A370A200C1CD1B /* Lesson2.swift */ = {isa = PBXFileReference; lastKnownFileType = sourcecode.swift; path = Lesson2.swift; sourceTree = "<group>"; };
		593FC9A322A3763600C1CD1B /* Lesson3.swift */ = {isa = PBXFileReference; lastKnownFileType = sourcecode.swift; path = Lesson3.swift; sourceTree = "<group>"; };
		593FC9A922A4B27D00C1CD1B /* SNYKit_ExampleTests.xctest */ = {isa = PBXFileReference; explicitFileType = wrapper.cfbundle; includeInIndex = 0; path = SNYKit_ExampleTests.xctest; sourceTree = BUILT_PRODUCTS_DIR; };
		593FC9AB22A4B27D00C1CD1B /* SNYKit_ExampleTests.swift */ = {isa = PBXFileReference; lastKnownFileType = sourcecode.swift; path = SNYKit_ExampleTests.swift; sourceTree = "<group>"; };
		593FC9AD22A4B27D00C1CD1B /* Info.plist */ = {isa = PBXFileReference; lastKnownFileType = text.plist.xml; path = Info.plist; sourceTree = "<group>"; };
		593FC9B722A4B86300C1CD1B /* SNYKit_ExampleUITests.xctest */ = {isa = PBXFileReference; explicitFileType = wrapper.cfbundle; includeInIndex = 0; path = SNYKit_ExampleUITests.xctest; sourceTree = BUILT_PRODUCTS_DIR; };
		593FC9B922A4B86300C1CD1B /* SNYKit_ExampleUITests.swift */ = {isa = PBXFileReference; lastKnownFileType = sourcecode.swift; path = SNYKit_ExampleUITests.swift; sourceTree = "<group>"; };
		593FC9BB22A4B86300C1CD1B /* Info.plist */ = {isa = PBXFileReference; lastKnownFileType = text.plist.xml; path = Info.plist; sourceTree = "<group>"; };
		5965E86521362DEE004252B1 /* SNYKit.framework */ = {isa = PBXFileReference; explicitFileType = wrapper.framework; path = SNYKit.framework; sourceTree = BUILT_PRODUCTS_DIR; };
		5965E86721362E16004252B1 /* ARKit.framework */ = {isa = PBXFileReference; lastKnownFileType = wrapper.framework; name = ARKit.framework; path = System/Library/Frameworks/ARKit.framework; sourceTree = SDKROOT; };
		597A7ABE22A2616D00E82349 /* SNYError.swift */ = {isa = PBXFileReference; lastKnownFileType = sourcecode.swift; path = SNYError.swift; sourceTree = "<group>"; };
		597A7AC122A2679400E82349 /* Lesson1.swift */ = {isa = PBXFileReference; lastKnownFileType = sourcecode.swift; path = Lesson1.swift; sourceTree = "<group>"; };
		59FD270722C868CD0011C9B3 /* LaunchScreen.storyboard */ = {isa = PBXFileReference; lastKnownFileType = file.storyboard; path = LaunchScreen.storyboard; sourceTree = "<group>"; };
		607FACD01AFB9204008FA782 /* SNYKit_Example.app */ = {isa = PBXFileReference; explicitFileType = wrapper.application; includeInIndex = 0; path = SNYKit_Example.app; sourceTree = BUILT_PRODUCTS_DIR; };
		607FACD41AFB9204008FA782 /* Info.plist */ = {isa = PBXFileReference; lastKnownFileType = text.plist.xml; path = Info.plist; sourceTree = "<group>"; };
		607FACD51AFB9204008FA782 /* AppDelegate.swift */ = {isa = PBXFileReference; lastKnownFileType = sourcecode.swift; path = AppDelegate.swift; sourceTree = "<group>"; };
		607FACD71AFB9204008FA782 /* ViewController.swift */ = {isa = PBXFileReference; lastKnownFileType = sourcecode.swift; path = ViewController.swift; sourceTree = "<group>"; };
		607FACDA1AFB9204008FA782 /* Base */ = {isa = PBXFileReference; lastKnownFileType = file.storyboard; name = Base; path = Base.lproj/Main.storyboard; sourceTree = "<group>"; };
		607FACDC1AFB9204008FA782 /* Images.xcassets */ = {isa = PBXFileReference; lastKnownFileType = folder.assetcatalog; path = Images.xcassets; sourceTree = "<group>"; };
		76076A23218808C3007A63EE /* SNYKit_Example-Bridging-Header.h */ = {isa = PBXFileReference; lastKnownFileType = sourcecode.c.h; path = "SNYKit_Example-Bridging-Header.h"; sourceTree = "<group>"; };
		762FA77C219983E600FBF321 /* iconfont.ttf */ = {isa = PBXFileReference; lastKnownFileType = file; path = iconfont.ttf; sourceTree = "<group>"; };
		7C3230FB5646738D1791ECF1 /* Pods-SNYKit_Example.debug.xcconfig */ = {isa = PBXFileReference; includeInIndex = 1; lastKnownFileType = text.xcconfig; name = "Pods-SNYKit_Example.debug.xcconfig"; path = "Pods/Target Support Files/Pods-SNYKit_Example/Pods-SNYKit_Example.debug.xcconfig"; sourceTree = "<group>"; };
		87D259B88547CBDF25B75654 /* Pods-SNYKit_Example.release.xcconfig */ = {isa = PBXFileReference; includeInIndex = 1; lastKnownFileType = text.xcconfig; name = "Pods-SNYKit_Example.release.xcconfig"; path = "Pods/Target Support Files/Pods-SNYKit_Example/Pods-SNYKit_Example.release.xcconfig"; sourceTree = "<group>"; };
		87E688FBE0DCC1C0D0FAE117 /* SNYKit.podspec */ = {isa = PBXFileReference; includeInIndex = 1; lastKnownFileType = text; name = SNYKit.podspec; path = ../SNYKit.podspec; sourceTree = "<group>"; xcLanguageSpecificationIdentifier = xcode.lang.ruby; };
		9452147ACF48D94C40036863 /* Pods-SNYKit_Tests.debug.xcconfig */ = {isa = PBXFileReference; includeInIndex = 1; lastKnownFileType = text.xcconfig; name = "Pods-SNYKit_Tests.debug.xcconfig"; path = "Pods/Target Support Files/Pods-SNYKit_Tests/Pods-SNYKit_Tests.debug.xcconfig"; sourceTree = "<group>"; };
		CED89B1E0301697B5431D032 /* LICENSE */ = {isa = PBXFileReference; includeInIndex = 1; lastKnownFileType = text; name = LICENSE; path = ../LICENSE; sourceTree = "<group>"; };
		D987BE5652DEF6164B401835 /* README.md */ = {isa = PBXFileReference; includeInIndex = 1; lastKnownFileType = net.daringfireball.markdown; name = README.md; path = ../README.md; sourceTree = "<group>"; };
		DC177548AA42531CD26E6597 /* Pods_SNYKit_Tests.framework */ = {isa = PBXFileReference; explicitFileType = wrapper.framework; includeInIndex = 0; path = Pods_SNYKit_Tests.framework; sourceTree = BUILT_PRODUCTS_DIR; };
		FB9A1507E6ED4B3B4EEAC6E8 /* Pods-SNYKit_Tests.release.xcconfig */ = {isa = PBXFileReference; includeInIndex = 1; lastKnownFileType = text.xcconfig; name = "Pods-SNYKit_Tests.release.xcconfig"; path = "Pods/Target Support Files/Pods-SNYKit_Tests/Pods-SNYKit_Tests.release.xcconfig"; sourceTree = "<group>"; };
/* End PBXFileReference section */

/* Begin PBXFrameworksBuildPhase section */
		593FC9A622A4B27D00C1CD1B /* Frameworks */ = {
			isa = PBXFrameworksBuildPhase;
			buildActionMask = 2147483647;
			files = (
			);
			runOnlyForDeploymentPostprocessing = 0;
		};
		593FC9B422A4B86300C1CD1B /* Frameworks */ = {
			isa = PBXFrameworksBuildPhase;
			buildActionMask = 2147483647;
			files = (
			);
			runOnlyForDeploymentPostprocessing = 0;
		};
		607FACCD1AFB9204008FA782 /* Frameworks */ = {
			isa = PBXFrameworksBuildPhase;
			buildActionMask = 2147483647;
			files = (
				5965E86621362DEE004252B1 /* SNYKit.framework in Frameworks */,
				F60306B4FC39E930AED6A384 /* Pods_SNYKit_Example.framework in Frameworks */,
			);
			runOnlyForDeploymentPostprocessing = 0;
		};
/* End PBXFrameworksBuildPhase section */

/* Begin PBXGroup section */
		313948B7CACEB88CDC4958AF /* Pods */ = {
			isa = PBXGroup;
			children = (
				7C3230FB5646738D1791ECF1 /* Pods-SNYKit_Example.debug.xcconfig */,
				87D259B88547CBDF25B75654 /* Pods-SNYKit_Example.release.xcconfig */,
				9452147ACF48D94C40036863 /* Pods-SNYKit_Tests.debug.xcconfig */,
				FB9A1507E6ED4B3B4EEAC6E8 /* Pods-SNYKit_Tests.release.xcconfig */,
			);
			name = Pods;
			sourceTree = "<group>";
		};
		593FC9AA22A4B27D00C1CD1B /* SNYKit_ExampleTests */ = {
			isa = PBXGroup;
			children = (
				593FC9AB22A4B27D00C1CD1B /* SNYKit_ExampleTests.swift */,
				593FC9AD22A4B27D00C1CD1B /* Info.plist */,
			);
			path = SNYKit_ExampleTests;
			sourceTree = "<group>";
		};
		593FC9B822A4B86300C1CD1B /* SNYKit_ExampleUITests */ = {
			isa = PBXGroup;
			children = (
				593FC9B922A4B86300C1CD1B /* SNYKit_ExampleUITests.swift */,
				593FC9BB22A4B86300C1CD1B /* Info.plist */,
			);
			path = SNYKit_ExampleUITests;
			sourceTree = "<group>";
		};
		597A7AC022A2676000E82349 /* RxSwift */ = {
			isa = PBXGroup;
			children = (
				597A7AC122A2679400E82349 /* Lesson1.swift */,
				593FC9A122A370A200C1CD1B /* Lesson2.swift */,
				593FC9A322A3763600C1CD1B /* Lesson3.swift */,
			);
			name = RxSwift;
			sourceTree = "<group>";
		};
		5A456171DD963B119394AC43 /* Frameworks */ = {
			isa = PBXGroup;
			children = (
				5965E86721362E16004252B1 /* ARKit.framework */,
				5965E86521362DEE004252B1 /* SNYKit.framework */,
				4BC5CB8D44ABD3E0D5564C68 /* Pods_SNYKit_Example.framework */,
				DC177548AA42531CD26E6597 /* Pods_SNYKit_Tests.framework */,
			);
			name = Frameworks;
			sourceTree = "<group>";
		};
		607FACC71AFB9204008FA782 = {
			isa = PBXGroup;
			children = (
				607FACF51AFB993E008FA782 /* Podspec Metadata */,
				607FACD21AFB9204008FA782 /* Example for SNYKit */,
				593FC9AA22A4B27D00C1CD1B /* SNYKit_ExampleTests */,
				593FC9B822A4B86300C1CD1B /* SNYKit_ExampleUITests */,
				607FACD11AFB9204008FA782 /* Products */,
				313948B7CACEB88CDC4958AF /* Pods */,
				5A456171DD963B119394AC43 /* Frameworks */,
			);
			sourceTree = "<group>";
		};
		607FACD11AFB9204008FA782 /* Products */ = {
			isa = PBXGroup;
			children = (
				607FACD01AFB9204008FA782 /* SNYKit_Example.app */,
				593FC9A922A4B27D00C1CD1B /* SNYKit_ExampleTests.xctest */,
				593FC9B722A4B86300C1CD1B /* SNYKit_ExampleUITests.xctest */,
			);
			name = Products;
			sourceTree = "<group>";
		};
		607FACD21AFB9204008FA782 /* Example for SNYKit */ = {
			isa = PBXGroup;
			children = (
				762FA77C219983E600FBF321 /* iconfont.ttf */,
				76076A23218808C3007A63EE /* SNYKit_Example-Bridging-Header.h */,
				607FACD51AFB9204008FA782 /* AppDelegate.swift */,
				607FACD71AFB9204008FA782 /* ViewController.swift */,
				607FACD91AFB9204008FA782 /* Main.storyboard */,
				597A7ABE22A2616D00E82349 /* SNYError.swift */,
				59256834229F899800192CDF /* TestOC.h */,
				59256835229F899800192CDF /* TestOC.m */,
				607FACDC1AFB9204008FA782 /* Images.xcassets */,
				59FD270722C868CD0011C9B3 /* LaunchScreen.storyboard */,
				597A7AC022A2676000E82349 /* RxSwift */,
				607FACD31AFB9204008FA782 /* Supporting Files */,
			);
			name = "Example for SNYKit";
			path = SNYKit;
			sourceTree = "<group>";
		};
		607FACD31AFB9204008FA782 /* Supporting Files */ = {
			isa = PBXGroup;
			children = (
				607FACD41AFB9204008FA782 /* Info.plist */,
			);
			name = "Supporting Files";
			sourceTree = "<group>";
		};
		607FACF51AFB993E008FA782 /* Podspec Metadata */ = {
			isa = PBXGroup;
			children = (
				87E688FBE0DCC1C0D0FAE117 /* SNYKit.podspec */,
				D987BE5652DEF6164B401835 /* README.md */,
				CED89B1E0301697B5431D032 /* LICENSE */,
			);
			name = "Podspec Metadata";
			sourceTree = "<group>";
		};
/* End PBXGroup section */

/* Begin PBXNativeTarget section */
		593FC9A822A4B27D00C1CD1B /* SNYKit_ExampleTests */ = {
			isa = PBXNativeTarget;
			buildConfigurationList = 593FC9B022A4B27D00C1CD1B /* Build configuration list for PBXNativeTarget "SNYKit_ExampleTests" */;
			buildPhases = (
				593FC9A522A4B27D00C1CD1B /* Sources */,
				593FC9A622A4B27D00C1CD1B /* Frameworks */,
				593FC9A722A4B27D00C1CD1B /* Resources */,
			);
			buildRules = (
			);
			dependencies = (
				593FC9AF22A4B27D00C1CD1B /* PBXTargetDependency */,
			);
			name = SNYKit_ExampleTests;
			productName = SNYKit_ExampleTests;
			productReference = 593FC9A922A4B27D00C1CD1B /* SNYKit_ExampleTests.xctest */;
			productType = "com.apple.product-type.bundle.unit-test";
		};
		593FC9B622A4B86300C1CD1B /* SNYKit_ExampleUITests */ = {
			isa = PBXNativeTarget;
			buildConfigurationList = 593FC9BE22A4B86300C1CD1B /* Build configuration list for PBXNativeTarget "SNYKit_ExampleUITests" */;
			buildPhases = (
				593FC9B322A4B86300C1CD1B /* Sources */,
				593FC9B422A4B86300C1CD1B /* Frameworks */,
				593FC9B522A4B86300C1CD1B /* Resources */,
			);
			buildRules = (
			);
			dependencies = (
				593FC9BD22A4B86300C1CD1B /* PBXTargetDependency */,
			);
			name = SNYKit_ExampleUITests;
			productName = SNYKit_ExampleUITests;
			productReference = 593FC9B722A4B86300C1CD1B /* SNYKit_ExampleUITests.xctest */;
			productType = "com.apple.product-type.bundle.ui-testing";
		};
		607FACCF1AFB9204008FA782 /* SNYKit_Example */ = {
			isa = PBXNativeTarget;
			buildConfigurationList = 607FACEF1AFB9204008FA782 /* Build configuration list for PBXNativeTarget "SNYKit_Example" */;
			buildPhases = (
				48A891891F7A12E0266672CE /* [CP] Check Pods Manifest.lock */,
				607FACCC1AFB9204008FA782 /* Sources */,
				607FACCD1AFB9204008FA782 /* Frameworks */,
				607FACCE1AFB9204008FA782 /* Resources */,
				08E7051B4E6B77DC7BD2CBD4 /* [CP] Embed Pods Frameworks */,
			);
			buildRules = (
			);
			dependencies = (
			);
			name = SNYKit_Example;
			productName = SNYKit;
			productReference = 607FACD01AFB9204008FA782 /* SNYKit_Example.app */;
			productType = "com.apple.product-type.application";
		};
/* End PBXNativeTarget section */

/* Begin PBXProject section */
		607FACC81AFB9204008FA782 /* Project object */ = {
			isa = PBXProject;
			attributes = {
				LastSwiftUpdateCheck = 1020;
				LastUpgradeCheck = 1020;
				ORGANIZATIONNAME = CocoaPods;
				TargetAttributes = {
					593FC9A822A4B27D00C1CD1B = {
						CreatedOnToolsVersion = 10.2.1;
						DevelopmentTeam = XSG6ZK7ZQR;
						ProvisioningStyle = Automatic;
						TestTargetID = 607FACCF1AFB9204008FA782;
					};
					593FC9B622A4B86300C1CD1B = {
						CreatedOnToolsVersion = 10.2.1;
						DevelopmentTeam = XSG6ZK7ZQR;
						ProvisioningStyle = Automatic;
						TestTargetID = 607FACCF1AFB9204008FA782;
					};
					607FACCF1AFB9204008FA782 = {
						CreatedOnToolsVersion = 6.3.1;
						DevelopmentTeam = XSG6ZK7ZQR;
						LastSwiftMigration = 1020;
						ProvisioningStyle = Automatic;
					};
				};
			};
			buildConfigurationList = 607FACCB1AFB9204008FA782 /* Build configuration list for PBXProject "SNYKit" */;
			compatibilityVersion = "Xcode 3.2";
			developmentRegion = en;
			hasScannedForEncodings = 0;
			knownRegions = (
				en,
				Base,
			);
			mainGroup = 607FACC71AFB9204008FA782;
			productRefGroup = 607FACD11AFB9204008FA782 /* Products */;
			projectDirPath = "";
			projectRoot = "";
			targets = (
				607FACCF1AFB9204008FA782 /* SNYKit_Example */,
				593FC9A822A4B27D00C1CD1B /* SNYKit_ExampleTests */,
				593FC9B622A4B86300C1CD1B /* SNYKit_ExampleUITests */,
			);
		};
/* End PBXProject section */

/* Begin PBXResourcesBuildPhase section */
		593FC9A722A4B27D00C1CD1B /* Resources */ = {
			isa = PBXResourcesBuildPhase;
			buildActionMask = 2147483647;
			files = (
			);
			runOnlyForDeploymentPostprocessing = 0;
		};
		593FC9B522A4B86300C1CD1B /* Resources */ = {
			isa = PBXResourcesBuildPhase;
			buildActionMask = 2147483647;
			files = (
			);
			runOnlyForDeploymentPostprocessing = 0;
		};
		607FACCE1AFB9204008FA782 /* Resources */ = {
			isa = PBXResourcesBuildPhase;
			buildActionMask = 2147483647;
			files = (
				762FA77D2199857200FBF321 /* iconfont.ttf in Resources */,
				607FACDB1AFB9204008FA782 /* Main.storyboard in Resources */,
				59FD270822C868CD0011C9B3 /* LaunchScreen.storyboard in Resources */,
				607FACDD1AFB9204008FA782 /* Images.xcassets in Resources */,
			);
			runOnlyForDeploymentPostprocessing = 0;
		};
/* End PBXResourcesBuildPhase section */

/* Begin PBXShellScriptBuildPhase section */
		08E7051B4E6B77DC7BD2CBD4 /* [CP] Embed Pods Frameworks */ = {
			isa = PBXShellScriptBuildPhase;
			buildActionMask = 2147483647;
			files = (
			);
			inputPaths = (
				"${PODS_ROOT}/Target Support Files/Pods-SNYKit_Example/Pods-SNYKit_Example-frameworks.sh",
				"${BUILT_PRODUCTS_DIR}/Kingfisher/Kingfisher.framework",
				"${BUILT_PRODUCTS_DIR}/ReachabilitySwift/Reachability.framework",
				"${BUILT_PRODUCTS_DIR}/RxCocoa/RxCocoa.framework",
				"${BUILT_PRODUCTS_DIR}/RxRelay/RxRelay.framework",
				"${BUILT_PRODUCTS_DIR}/RxSwift/RxSwift.framework",
				"${BUILT_PRODUCTS_DIR}/SNYKit/SNYKit.framework",
				"${BUILT_PRODUCTS_DIR}/SnapKit/SnapKit.framework",
			);
			name = "[CP] Embed Pods Frameworks";
			outputPaths = (
				"${TARGET_BUILD_DIR}/${FRAMEWORKS_FOLDER_PATH}/Kingfisher.framework",
				"${TARGET_BUILD_DIR}/${FRAMEWORKS_FOLDER_PATH}/Reachability.framework",
				"${TARGET_BUILD_DIR}/${FRAMEWORKS_FOLDER_PATH}/RxCocoa.framework",
				"${TARGET_BUILD_DIR}/${FRAMEWORKS_FOLDER_PATH}/RxRelay.framework",
				"${TARGET_BUILD_DIR}/${FRAMEWORKS_FOLDER_PATH}/RxSwift.framework",
				"${TARGET_BUILD_DIR}/${FRAMEWORKS_FOLDER_PATH}/SNYKit.framework",
				"${TARGET_BUILD_DIR}/${FRAMEWORKS_FOLDER_PATH}/SnapKit.framework",
			);
			runOnlyForDeploymentPostprocessing = 0;
			shellPath = /bin/sh;
			shellScript = "\"${PODS_ROOT}/Target Support Files/Pods-SNYKit_Example/Pods-SNYKit_Example-frameworks.sh\"\n";
			showEnvVarsInLog = 0;
		};
		48A891891F7A12E0266672CE /* [CP] Check Pods Manifest.lock */ = {
			isa = PBXShellScriptBuildPhase;
			buildActionMask = 2147483647;
			files = (
			);
			inputPaths = (
				"${PODS_PODFILE_DIR_PATH}/Podfile.lock",
				"${PODS_ROOT}/Manifest.lock",
			);
			name = "[CP] Check Pods Manifest.lock";
			outputPaths = (
				"$(DERIVED_FILE_DIR)/Pods-SNYKit_Example-checkManifestLockResult.txt",
			);
			runOnlyForDeploymentPostprocessing = 0;
			shellPath = /bin/sh;
			shellScript = "diff \"${PODS_PODFILE_DIR_PATH}/Podfile.lock\" \"${PODS_ROOT}/Manifest.lock\" > /dev/null\nif [ $? != 0 ] ; then\n    # print error to STDERR\n    echo \"error: The sandbox is not in sync with the Podfile.lock. Run 'pod install' or update your CocoaPods installation.\" >&2\n    exit 1\nfi\n# This output is used by Xcode 'outputs' to avoid re-running this script phase.\necho \"SUCCESS\" > \"${SCRIPT_OUTPUT_FILE_0}\"\n";
			showEnvVarsInLog = 0;
		};
/* End PBXShellScriptBuildPhase section */

/* Begin PBXSourcesBuildPhase section */
		593FC9A522A4B27D00C1CD1B /* Sources */ = {
			isa = PBXSourcesBuildPhase;
			buildActionMask = 2147483647;
			files = (
				593FC9AC22A4B27D00C1CD1B /* SNYKit_ExampleTests.swift in Sources */,
			);
			runOnlyForDeploymentPostprocessing = 0;
		};
		593FC9B322A4B86300C1CD1B /* Sources */ = {
			isa = PBXSourcesBuildPhase;
			buildActionMask = 2147483647;
			files = (
				593FC9BA22A4B86300C1CD1B /* SNYKit_ExampleUITests.swift in Sources */,
			);
			runOnlyForDeploymentPostprocessing = 0;
		};
		607FACCC1AFB9204008FA782 /* Sources */ = {
			isa = PBXSourcesBuildPhase;
			buildActionMask = 2147483647;
			files = (
				593FC9A222A370A200C1CD1B /* Lesson2.swift in Sources */,
				607FACD81AFB9204008FA782 /* ViewController.swift in Sources */,
				593FC9A422A3763600C1CD1B /* Lesson3.swift in Sources */,
				597A7AC222A2679400E82349 /* Lesson1.swift in Sources */,
				597A7ABF22A2616D00E82349 /* SNYError.swift in Sources */,
				607FACD61AFB9204008FA782 /* AppDelegate.swift in Sources */,
				59256836229F899800192CDF /* TestOC.m in Sources */,
			);
			runOnlyForDeploymentPostprocessing = 0;
		};
/* End PBXSourcesBuildPhase section */

/* Begin PBXTargetDependency section */
		593FC9AF22A4B27D00C1CD1B /* PBXTargetDependency */ = {
			isa = PBXTargetDependency;
			target = 607FACCF1AFB9204008FA782 /* SNYKit_Example */;
			targetProxy = 593FC9AE22A4B27D00C1CD1B /* PBXContainerItemProxy */;
		};
		593FC9BD22A4B86300C1CD1B /* PBXTargetDependency */ = {
			isa = PBXTargetDependency;
			target = 607FACCF1AFB9204008FA782 /* SNYKit_Example */;
			targetProxy = 593FC9BC22A4B86300C1CD1B /* PBXContainerItemProxy */;
		};
/* End PBXTargetDependency section */

/* Begin PBXVariantGroup section */
		607FACD91AFB9204008FA782 /* Main.storyboard */ = {
			isa = PBXVariantGroup;
			children = (
				607FACDA1AFB9204008FA782 /* Base */,
			);
			name = Main.storyboard;
			sourceTree = "<group>";
		};
/* End PBXVariantGroup section */

/* Begin XCBuildConfiguration section */
		593FC9B122A4B27D00C1CD1B /* Debug */ = {
			isa = XCBuildConfiguration;
			buildSettings = {
				BUNDLE_LOADER = "$(TEST_HOST)";
				CLANG_ANALYZER_NONNULL = YES;
				CLANG_ANALYZER_NUMBER_OBJECT_CONVERSION = YES_AGGRESSIVE;
				CLANG_CXX_LANGUAGE_STANDARD = "gnu++14";
				CLANG_ENABLE_OBJC_WEAK = YES;
				CLANG_WARN_DOCUMENTATION_COMMENTS = YES;
				CLANG_WARN_UNGUARDED_AVAILABILITY = YES_AGGRESSIVE;
				CODE_SIGN_IDENTITY = "iPhone Developer";
				CODE_SIGN_STYLE = Automatic;
				DEBUG_INFORMATION_FORMAT = dwarf;
				DEVELOPMENT_TEAM = XSG6ZK7ZQR;
				GCC_C_LANGUAGE_STANDARD = gnu11;
				INFOPLIST_FILE = SNYKit_ExampleTests/Info.plist;
				IPHONEOS_DEPLOYMENT_TARGET = 12.2;
				LD_RUNPATH_SEARCH_PATHS = "$(inherited) @executable_path/Frameworks @loader_path/Frameworks";
				MTL_ENABLE_DEBUG_INFO = INCLUDE_SOURCE;
				MTL_FAST_MATH = YES;
				PRODUCT_BUNDLE_IDENTIFIER = "com.sunny.SNYKit-ExampleTests";
				PRODUCT_NAME = "$(TARGET_NAME)";
				SWIFT_ACTIVE_COMPILATION_CONDITIONS = DEBUG;
				SWIFT_VERSION = 5.0;
				TARGETED_DEVICE_FAMILY = "1,2";
				TEST_HOST = "$(BUILT_PRODUCTS_DIR)/SNYKit_Example.app/SNYKit_Example";
			};
			name = Debug;
		};
		593FC9B222A4B27D00C1CD1B /* Release */ = {
			isa = XCBuildConfiguration;
			buildSettings = {
				BUNDLE_LOADER = "$(TEST_HOST)";
				CLANG_ANALYZER_NONNULL = YES;
				CLANG_ANALYZER_NUMBER_OBJECT_CONVERSION = YES_AGGRESSIVE;
				CLANG_CXX_LANGUAGE_STANDARD = "gnu++14";
				CLANG_ENABLE_OBJC_WEAK = YES;
				CLANG_WARN_DOCUMENTATION_COMMENTS = YES;
				CLANG_WARN_UNGUARDED_AVAILABILITY = YES_AGGRESSIVE;
				CODE_SIGN_IDENTITY = "iPhone Developer";
				CODE_SIGN_STYLE = Automatic;
				DEVELOPMENT_TEAM = XSG6ZK7ZQR;
				GCC_C_LANGUAGE_STANDARD = gnu11;
				INFOPLIST_FILE = SNYKit_ExampleTests/Info.plist;
				IPHONEOS_DEPLOYMENT_TARGET = 12.2;
				LD_RUNPATH_SEARCH_PATHS = "$(inherited) @executable_path/Frameworks @loader_path/Frameworks";
				MTL_FAST_MATH = YES;
				PRODUCT_BUNDLE_IDENTIFIER = "com.sunny.SNYKit-ExampleTests";
				PRODUCT_NAME = "$(TARGET_NAME)";
				SWIFT_VERSION = 5.0;
				TARGETED_DEVICE_FAMILY = "1,2";
				TEST_HOST = "$(BUILT_PRODUCTS_DIR)/SNYKit_Example.app/SNYKit_Example";
			};
			name = Release;
		};
		593FC9BF22A4B86300C1CD1B /* Debug */ = {
			isa = XCBuildConfiguration;
			buildSettings = {
				CLANG_ANALYZER_NONNULL = YES;
				CLANG_ANALYZER_NUMBER_OBJECT_CONVERSION = YES_AGGRESSIVE;
				CLANG_CXX_LANGUAGE_STANDARD = "gnu++14";
				CLANG_ENABLE_OBJC_WEAK = YES;
				CLANG_WARN_DOCUMENTATION_COMMENTS = YES;
				CLANG_WARN_UNGUARDED_AVAILABILITY = YES_AGGRESSIVE;
				CODE_SIGN_IDENTITY = "iPhone Developer";
				CODE_SIGN_STYLE = Automatic;
				DEBUG_INFORMATION_FORMAT = dwarf;
				DEVELOPMENT_TEAM = XSG6ZK7ZQR;
				GCC_C_LANGUAGE_STANDARD = gnu11;
				INFOPLIST_FILE = SNYKit_ExampleUITests/Info.plist;
				IPHONEOS_DEPLOYMENT_TARGET = 12.2;
				LD_RUNPATH_SEARCH_PATHS = "$(inherited) @executable_path/Frameworks @loader_path/Frameworks";
				MTL_ENABLE_DEBUG_INFO = INCLUDE_SOURCE;
				MTL_FAST_MATH = YES;
				PRODUCT_BUNDLE_IDENTIFIER = "com.sunny.SNYKit-ExampleUITests";
				PRODUCT_NAME = "$(TARGET_NAME)";
				SWIFT_ACTIVE_COMPILATION_CONDITIONS = DEBUG;
				SWIFT_VERSION = 5.0;
				TARGETED_DEVICE_FAMILY = "1,2";
				TEST_TARGET_NAME = SNYKit_Example;
			};
			name = Debug;
		};
		593FC9C022A4B86300C1CD1B /* Release */ = {
			isa = XCBuildConfiguration;
			buildSettings = {
				CLANG_ANALYZER_NONNULL = YES;
				CLANG_ANALYZER_NUMBER_OBJECT_CONVERSION = YES_AGGRESSIVE;
				CLANG_CXX_LANGUAGE_STANDARD = "gnu++14";
				CLANG_ENABLE_OBJC_WEAK = YES;
				CLANG_WARN_DOCUMENTATION_COMMENTS = YES;
				CLANG_WARN_UNGUARDED_AVAILABILITY = YES_AGGRESSIVE;
				CODE_SIGN_IDENTITY = "iPhone Developer";
				CODE_SIGN_STYLE = Automatic;
				DEVELOPMENT_TEAM = XSG6ZK7ZQR;
				GCC_C_LANGUAGE_STANDARD = gnu11;
				INFOPLIST_FILE = SNYKit_ExampleUITests/Info.plist;
				IPHONEOS_DEPLOYMENT_TARGET = 12.2;
				LD_RUNPATH_SEARCH_PATHS = "$(inherited) @executable_path/Frameworks @loader_path/Frameworks";
				MTL_FAST_MATH = YES;
				PRODUCT_BUNDLE_IDENTIFIER = "com.sunny.SNYKit-ExampleUITests";
				PRODUCT_NAME = "$(TARGET_NAME)";
				SWIFT_VERSION = 5.0;
				TARGETED_DEVICE_FAMILY = "1,2";
				TEST_TARGET_NAME = SNYKit_Example;
			};
			name = Release;
		};
		607FACED1AFB9204008FA782 /* Debug */ = {
			isa = XCBuildConfiguration;
			buildSettings = {
				ALWAYS_SEARCH_USER_PATHS = NO;
				CLANG_ANALYZER_LOCALIZABILITY_NONLOCALIZED = YES;
				CLANG_CXX_LANGUAGE_STANDARD = "gnu++0x";
				CLANG_CXX_LIBRARY = "libc++";
				CLANG_ENABLE_MODULES = YES;
				CLANG_ENABLE_OBJC_ARC = YES;
				CLANG_WARN_BLOCK_CAPTURE_AUTORELEASING = YES;
				CLANG_WARN_BOOL_CONVERSION = YES;
				CLANG_WARN_COMMA = YES;
				CLANG_WARN_CONSTANT_CONVERSION = YES;
				CLANG_WARN_DEPRECATED_OBJC_IMPLEMENTATIONS = YES;
				CLANG_WARN_DIRECT_OBJC_ISA_USAGE = YES_ERROR;
				CLANG_WARN_EMPTY_BODY = YES;
				CLANG_WARN_ENUM_CONVERSION = YES;
				CLANG_WARN_INFINITE_RECURSION = YES;
				CLANG_WARN_INT_CONVERSION = YES;
				CLANG_WARN_NON_LITERAL_NULL_CONVERSION = YES;
				CLANG_WARN_OBJC_IMPLICIT_RETAIN_SELF = YES;
				CLANG_WARN_OBJC_LITERAL_CONVERSION = YES;
				CLANG_WARN_OBJC_ROOT_CLASS = YES_ERROR;
				CLANG_WARN_RANGE_LOOP_ANALYSIS = YES;
				CLANG_WARN_STRICT_PROTOTYPES = YES;
				CLANG_WARN_SUSPICIOUS_MOVE = YES;
				CLANG_WARN_UNREACHABLE_CODE = YES;
				CLANG_WARN__DUPLICATE_METHOD_MATCH = YES;
				"CODE_SIGN_IDENTITY[sdk=iphoneos*]" = "iPhone Developer";
				COPY_PHASE_STRIP = NO;
				DEBUG_INFORMATION_FORMAT = "dwarf-with-dsym";
				ENABLE_STRICT_OBJC_MSGSEND = YES;
				ENABLE_TESTABILITY = YES;
				GCC_C_LANGUAGE_STANDARD = gnu99;
				GCC_DYNAMIC_NO_PIC = NO;
				GCC_NO_COMMON_BLOCKS = YES;
				GCC_OPTIMIZATION_LEVEL = 0;
				GCC_PREPROCESSOR_DEFINITIONS = (
					"DEBUG=1",
					"$(inherited)",
				);
				GCC_SYMBOLS_PRIVATE_EXTERN = NO;
				GCC_WARN_64_TO_32_BIT_CONVERSION = YES;
				GCC_WARN_ABOUT_RETURN_TYPE = YES_ERROR;
				GCC_WARN_UNDECLARED_SELECTOR = YES;
				GCC_WARN_UNINITIALIZED_AUTOS = YES_AGGRESSIVE;
				GCC_WARN_UNUSED_FUNCTION = YES;
				GCC_WARN_UNUSED_VARIABLE = YES;
				IPHONEOS_DEPLOYMENT_TARGET = 9.3;
				MTL_ENABLE_DEBUG_INFO = YES;
				ONLY_ACTIVE_ARCH = YES;
				SDKROOT = iphoneos;
				SWIFT_OPTIMIZATION_LEVEL = "-Onone";
				SWIFT_VERSION = 5.0;
			};
			name = Debug;
		};
		607FACEE1AFB9204008FA782 /* Release */ = {
			isa = XCBuildConfiguration;
			buildSettings = {
				ALWAYS_SEARCH_USER_PATHS = NO;
				CLANG_ANALYZER_LOCALIZABILITY_NONLOCALIZED = YES;
				CLANG_CXX_LANGUAGE_STANDARD = "gnu++0x";
				CLANG_CXX_LIBRARY = "libc++";
				CLANG_ENABLE_MODULES = YES;
				CLANG_ENABLE_OBJC_ARC = YES;
				CLANG_WARN_BLOCK_CAPTURE_AUTORELEASING = YES;
				CLANG_WARN_BOOL_CONVERSION = YES;
				CLANG_WARN_COMMA = YES;
				CLANG_WARN_CONSTANT_CONVERSION = YES;
				CLANG_WARN_DEPRECATED_OBJC_IMPLEMENTATIONS = YES;
				CLANG_WARN_DIRECT_OBJC_ISA_USAGE = YES_ERROR;
				CLANG_WARN_EMPTY_BODY = YES;
				CLANG_WARN_ENUM_CONVERSION = YES;
				CLANG_WARN_INFINITE_RECURSION = YES;
				CLANG_WARN_INT_CONVERSION = YES;
				CLANG_WARN_NON_LITERAL_NULL_CONVERSION = YES;
				CLANG_WARN_OBJC_IMPLICIT_RETAIN_SELF = YES;
				CLANG_WARN_OBJC_LITERAL_CONVERSION = YES;
				CLANG_WARN_OBJC_ROOT_CLASS = YES_ERROR;
				CLANG_WARN_RANGE_LOOP_ANALYSIS = YES;
				CLANG_WARN_STRICT_PROTOTYPES = YES;
				CLANG_WARN_SUSPICIOUS_MOVE = YES;
				CLANG_WARN_UNREACHABLE_CODE = YES;
				CLANG_WARN__DUPLICATE_METHOD_MATCH = YES;
				"CODE_SIGN_IDENTITY[sdk=iphoneos*]" = "iPhone Developer";
				COPY_PHASE_STRIP = NO;
				DEBUG_INFORMATION_FORMAT = "dwarf-with-dsym";
				ENABLE_NS_ASSERTIONS = NO;
				ENABLE_STRICT_OBJC_MSGSEND = YES;
				GCC_C_LANGUAGE_STANDARD = gnu99;
				GCC_NO_COMMON_BLOCKS = YES;
				GCC_WARN_64_TO_32_BIT_CONVERSION = YES;
				GCC_WARN_ABOUT_RETURN_TYPE = YES_ERROR;
				GCC_WARN_UNDECLARED_SELECTOR = YES;
				GCC_WARN_UNINITIALIZED_AUTOS = YES_AGGRESSIVE;
				GCC_WARN_UNUSED_FUNCTION = YES;
				GCC_WARN_UNUSED_VARIABLE = YES;
				IPHONEOS_DEPLOYMENT_TARGET = 9.3;
				MTL_ENABLE_DEBUG_INFO = NO;
				SDKROOT = iphoneos;
				SWIFT_OPTIMIZATION_LEVEL = "-Owholemodule";
				SWIFT_VERSION = 5.0;
				VALIDATE_PRODUCT = YES;
			};
			name = Release;
		};
		607FACF01AFB9204008FA782 /* Debug */ = {
			isa = XCBuildConfiguration;
			baseConfigurationReference = 7C3230FB5646738D1791ECF1 /* Pods-SNYKit_Example.debug.xcconfig */;
			buildSettings = {
				ASSETCATALOG_COMPILER_APPICON_NAME = AppIcon;
				CLANG_ENABLE_MODULES = YES;
				CODE_SIGN_IDENTITY = "iPhone Developer";
				CODE_SIGN_STYLE = Automatic;
				DEVELOPMENT_TEAM = XSG6ZK7ZQR;
				INFOPLIST_FILE = SNYKit/Info.plist;
				IPHONEOS_DEPLOYMENT_TARGET = 10.0;
				LD_RUNPATH_SEARCH_PATHS = "$(inherited) @executable_path/Frameworks";
				MODULE_NAME = ExampleApp;
				PRODUCT_BUNDLE_IDENTIFIER = "org.cocoapods.demo.$(PRODUCT_NAME:rfc1034identifier)";
				PRODUCT_NAME = "$(TARGET_NAME)";
				PROVISIONING_PROFILE_SPECIFIER = "";
				SWIFT_OBJC_BRIDGING_HEADER = "SNYKit/SNYKit_Example-Bridging-Header.h";
				SWIFT_OPTIMIZATION_LEVEL = "-Onone";
				SWIFT_VERSION = 5.0;
			};
			name = Debug;
		};
		607FACF11AFB9204008FA782 /* Release */ = {
			isa = XCBuildConfiguration;
			baseConfigurationReference = 87D259B88547CBDF25B75654 /* Pods-SNYKit_Example.release.xcconfig */;
			buildSettings = {
				ASSETCATALOG_COMPILER_APPICON_NAME = AppIcon;
				CLANG_ENABLE_MODULES = YES;
				CODE_SIGN_IDENTITY = "iPhone Developer";
				CODE_SIGN_STYLE = Automatic;
				DEVELOPMENT_TEAM = XSG6ZK7ZQR;
				INFOPLIST_FILE = SNYKit/Info.plist;
				IPHONEOS_DEPLOYMENT_TARGET = 10.0;
				LD_RUNPATH_SEARCH_PATHS = "$(inherited) @executable_path/Frameworks";
				MODULE_NAME = ExampleApp;
				PRODUCT_BUNDLE_IDENTIFIER = "org.cocoapods.demo.$(PRODUCT_NAME:rfc1034identifier)";
				PRODUCT_NAME = "$(TARGET_NAME)";
				PROVISIONING_PROFILE_SPECIFIER = "";
				SWIFT_OBJC_BRIDGING_HEADER = "SNYKit/SNYKit_Example-Bridging-Header.h";
				SWIFT_VERSION = 5.0;
			};
			name = Release;
		};
/* End XCBuildConfiguration section */

/* Begin XCConfigurationList section */
		593FC9B022A4B27D00C1CD1B /* Build configuration list for PBXNativeTarget "SNYKit_ExampleTests" */ = {
			isa = XCConfigurationList;
			buildConfigurations = (
				593FC9B122A4B27D00C1CD1B /* Debug */,
				593FC9B222A4B27D00C1CD1B /* Release */,
			);
			defaultConfigurationIsVisible = 0;
			defaultConfigurationName = Release;
		};
		593FC9BE22A4B86300C1CD1B /* Build configuration list for PBXNativeTarget "SNYKit_ExampleUITests" */ = {
			isa = XCConfigurationList;
			buildConfigurations = (
				593FC9BF22A4B86300C1CD1B /* Debug */,
				593FC9C022A4B86300C1CD1B /* Release */,
			);
			defaultConfigurationIsVisible = 0;
			defaultConfigurationName = Release;
		};
		607FACCB1AFB9204008FA782 /* Build configuration list for PBXProject "SNYKit" */ = {
			isa = XCConfigurationList;
			buildConfigurations = (
				607FACED1AFB9204008FA782 /* Debug */,
				607FACEE1AFB9204008FA782 /* Release */,
			);
			defaultConfigurationIsVisible = 0;
			defaultConfigurationName = Release;
		};
		607FACEF1AFB9204008FA782 /* Build configuration list for PBXNativeTarget "SNYKit_Example" */ = {
			isa = XCConfigurationList;
			buildConfigurations = (
				607FACF01AFB9204008FA782 /* Debug */,
				607FACF11AFB9204008FA782 /* Release */,
			);
			defaultConfigurationIsVisible = 0;
			defaultConfigurationName = Release;
		};
/* End XCConfigurationList section */
	};
	rootObject = 607FACC81AFB9204008FA782 /* Project object */;
}
